// !$*UTF8*$!
{
	archiveVersion = 1;
	classes = {
	};
	objectVersion = 55;
	objects = {

/* Begin PBXBuildFile section */
		01B8FCC127E4661E0009E7DF /* AppDelegate.swift in Sources */ = {isa = PBXBuildFile; fileRef = 01B8FCC027E4661E0009E7DF /* AppDelegate.swift */; };
		01B8FCC327E4661E0009E7DF /* SceneDelegate.swift in Sources */ = {isa = PBXBuildFile; fileRef = 01B8FCC227E4661E0009E7DF /* SceneDelegate.swift */; };
		01B8FCC527E4661E0009E7DF /* ViewController.swift in Sources */ = {isa = PBXBuildFile; fileRef = 01B8FCC427E4661E0009E7DF /* ViewController.swift */; };
		01B8FCCA27E4661F0009E7DF /* Assets.xcassets in Resources */ = {isa = PBXBuildFile; fileRef = 01B8FCC927E4661F0009E7DF /* Assets.xcassets */; };
		01B8FCCD27E4661F0009E7DF /* LaunchScreen.storyboard in Resources */ = {isa = PBXBuildFile; fileRef = 01B8FCCB27E4661F0009E7DF /* LaunchScreen.storyboard */; };
		01B8FCD527E468120009E7DF /* VideoCollectionViewCell.swift in Sources */ = {isa = PBXBuildFile; fileRef = 01B8FCD427E468120009E7DF /* VideoCollectionViewCell.swift */; };
		01B8FCD727E4681B0009E7DF /* ImageCollectionViewCell.swift in Sources */ = {isa = PBXBuildFile; fileRef = 01B8FCD627E4681B0009E7DF /* ImageCollectionViewCell.swift */; };
		01B8FCD927E468FD0009E7DF /* PlayerView.swift in Sources */ = {isa = PBXBuildFile; fileRef = 01B8FCD827E468FD0009E7DF /* PlayerView.swift */; };
		01B8FCDB27E46F6B0009E7DF /* AVPlayer+Extension.swift in Sources */ = {isa = PBXBuildFile; fileRef = 01B8FCDA27E46F6B0009E7DF /* AVPlayer+Extension.swift */; };
		01B8FCDD27E4C5590009E7DF /* picka.mov in Resources */ = {isa = PBXBuildFile; fileRef = 01B8FCDC27E4C5580009E7DF /* picka.mov */; };
		D4A26665881C65EECF71C1DB /* Pods_AutomaticPlayingVideoBanner.framework in Frameworks */ = {isa = PBXBuildFile; fileRef = C22F5E1DBC05DA52A4861785 /* Pods_AutomaticPlayingVideoBanner.framework */; };
/* End PBXBuildFile section */

/* Begin PBXFileReference section */
		01B8FCBD27E4661E0009E7DF /* AutomaticPlayingVideoBanner.app */ = {isa = PBXFileReference; explicitFileType = wrapper.application; includeInIndex = 0; path = AutomaticPlayingVideoBanner.app; sourceTree = BUILT_PRODUCTS_DIR; };
		01B8FCC027E4661E0009E7DF /* AppDelegate.swift */ = {isa = PBXFileReference; lastKnownFileType = sourcecode.swift; path = AppDelegate.swift; sourceTree = "<group>"; };
		01B8FCC227E4661E0009E7DF /* SceneDelegate.swift */ = {isa = PBXFileReference; lastKnownFileType = sourcecode.swift; path = SceneDelegate.swift; sourceTree = "<group>"; };
		01B8FCC427E4661E0009E7DF /* ViewController.swift */ = {isa = PBXFileReference; lastKnownFileType = sourcecode.swift; path = ViewController.swift; sourceTree = "<group>"; };
		01B8FCC927E4661F0009E7DF /* Assets.xcassets */ = {isa = PBXFileReference; lastKnownFileType = folder.assetcatalog; path = Assets.xcassets; sourceTree = "<group>"; };
		01B8FCCC27E4661F0009E7DF /* Base */ = {isa = PBXFileReference; lastKnownFileType = file.storyboard; name = Base; path = Base.lproj/LaunchScreen.storyboard; sourceTree = "<group>"; };
		01B8FCCE27E4661F0009E7DF /* Info.plist */ = {isa = PBXFileReference; lastKnownFileType = text.plist.xml; path = Info.plist; sourceTree = "<group>"; };
		01B8FCD427E468120009E7DF /* VideoCollectionViewCell.swift */ = {isa = PBXFileReference; lastKnownFileType = sourcecode.swift; path = VideoCollectionViewCell.swift; sourceTree = "<group>"; };
		01B8FCD627E4681B0009E7DF /* ImageCollectionViewCell.swift */ = {isa = PBXFileReference; lastKnownFileType = sourcecode.swift; path = ImageCollectionViewCell.swift; sourceTree = "<group>"; };
		01B8FCD827E468FD0009E7DF /* PlayerView.swift */ = {isa = PBXFileReference; lastKnownFileType = sourcecode.swift; path = PlayerView.swift; sourceTree = "<group>"; };
		01B8FCDA27E46F6B0009E7DF /* AVPlayer+Extension.swift */ = {isa = PBXFileReference; lastKnownFileType = sourcecode.swift; path = "AVPlayer+Extension.swift"; sourceTree = "<group>"; };
		01B8FCDC27E4C5580009E7DF /* picka.mov */ = {isa = PBXFileReference; lastKnownFileType = video.quicktime; path = picka.mov; sourceTree = "<group>"; };
		C22F5E1DBC05DA52A4861785 /* Pods_AutomaticPlayingVideoBanner.framework */ = {isa = PBXFileReference; explicitFileType = wrapper.framework; includeInIndex = 0; path = Pods_AutomaticPlayingVideoBanner.framework; sourceTree = BUILT_PRODUCTS_DIR; };
		EA43B5212D1DC1B31ABF8CDF /* Pods-AutomaticPlayingVideoBanner.debug.xcconfig */ = {isa = PBXFileReference; includeInIndex = 1; lastKnownFileType = text.xcconfig; name = "Pods-AutomaticPlayingVideoBanner.debug.xcconfig"; path = "Target Support Files/Pods-AutomaticPlayingVideoBanner/Pods-AutomaticPlayingVideoBanner.debug.xcconfig"; sourceTree = "<group>"; };
		FB1C53143724B56BBB832F76 /* Pods-AutomaticPlayingVideoBanner.release.xcconfig */ = {isa = PBXFileReference; includeInIndex = 1; lastKnownFileType = text.xcconfig; name = "Pods-AutomaticPlayingVideoBanner.release.xcconfig"; path = "Target Support Files/Pods-AutomaticPlayingVideoBanner/Pods-AutomaticPlayingVideoBanner.release.xcconfig"; sourceTree = "<group>"; };
/* End PBXFileReference section */

/* Begin PBXFrameworksBuildPhase section */
		01B8FCBA27E4661E0009E7DF /* Frameworks */ = {
			isa = PBXFrameworksBuildPhase;
			buildActionMask = 2147483647;
			files = (
				D4A26665881C65EECF71C1DB /* Pods_AutomaticPlayingVideoBanner.framework in Frameworks */,
			);
			runOnlyForDeploymentPostprocessing = 0;
		};
/* End PBXFrameworksBuildPhase section */

/* Begin PBXGroup section */
		01B8FCB427E4661E0009E7DF = {
			isa = PBXGroup;
			children = (
				01B8FCBF27E4661E0009E7DF /* AutomaticPlayingVideoBanner */,
				01B8FCBE27E4661E0009E7DF /* Products */,
				3F13C7FB2DFFB4C09ECA78EB /* Pods */,
				2C7DA9395BF9086347116DF1 /* Frameworks */,
			);
			sourceTree = "<group>";
		};
		01B8FCBE27E4661E0009E7DF /* Products */ = {
			isa = PBXGroup;
			children = (
				01B8FCBD27E4661E0009E7DF /* AutomaticPlayingVideoBanner.app */,
			);
			name = Products;
			sourceTree = "<group>";
		};
		01B8FCBF27E4661E0009E7DF /* AutomaticPlayingVideoBanner */ = {
			isa = PBXGroup;
			children = (
				01B8FCC027E4661E0009E7DF /* AppDelegate.swift */,
				01B8FCC227E4661E0009E7DF /* SceneDelegate.swift */,
				01B8FCC427E4661E0009E7DF /* ViewController.swift */,
				01B8FCD827E468FD0009E7DF /* PlayerView.swift */,
				01B8FCD427E468120009E7DF /* VideoCollectionViewCell.swift */,
				01B8FCD627E4681B0009E7DF /* ImageCollectionViewCell.swift */,
				01B8FCDA27E46F6B0009E7DF /* AVPlayer+Extension.swift */,
				01B8FCDC27E4C5580009E7DF /* picka.mov */,
				01B8FCC927E4661F0009E7DF /* Assets.xcassets */,
				01B8FCCB27E4661F0009E7DF /* LaunchScreen.storyboard */,
				01B8FCCE27E4661F0009E7DF /* Info.plist */,
			);
			path = AutomaticPlayingVideoBanner;
			sourceTree = "<group>";
		};
		2C7DA9395BF9086347116DF1 /* Frameworks */ = {
			isa = PBXGroup;
			children = (
				C22F5E1DBC05DA52A4861785 /* Pods_AutomaticPlayingVideoBanner.framework */,
			);
			name = Frameworks;
			sourceTree = "<group>";
		};
		3F13C7FB2DFFB4C09ECA78EB /* Pods */ = {
			isa = PBXGroup;
			children = (
				EA43B5212D1DC1B31ABF8CDF /* Pods-AutomaticPlayingVideoBanner.debug.xcconfig */,
				FB1C53143724B56BBB832F76 /* Pods-AutomaticPlayingVideoBanner.release.xcconfig */,
			);
			path = Pods;
			sourceTree = "<group>";
		};
/* End PBXGroup section */

/* Begin PBXNativeTarget section */
		01B8FCBC27E4661E0009E7DF /* AutomaticPlayingVideoBanner */ = {
			isa = PBXNativeTarget;
			buildConfigurationList = 01B8FCD127E4661F0009E7DF /* Build configuration list for PBXNativeTarget "AutomaticPlayingVideoBanner" */;
			buildPhases = (
				69C157B8BD70F3C031759CD7 /* [CP] Check Pods Manifest.lock */,
				01B8FCB927E4661E0009E7DF /* Sources */,
				01B8FCBA27E4661E0009E7DF /* Frameworks */,
				01B8FCBB27E4661E0009E7DF /* Resources */,
				49B75BE1A583B8F72FDDEC3F /* [CP] Embed Pods Frameworks */,
			);
			buildRules = (
			);
			dependencies = (
			);
			name = AutomaticPlayingVideoBanner;
			productName = AutomaticPlayingVideoBanner;
			productReference = 01B8FCBD27E4661E0009E7DF /* AutomaticPlayingVideoBanner.app */;
			productType = "com.apple.product-type.application";
		};
/* End PBXNativeTarget section */

/* Begin PBXProject section */
		01B8FCB527E4661E0009E7DF /* Project object */ = {
			isa = PBXProject;
			attributes = {
				BuildIndependentTargetsInParallel = 1;
				LastSwiftUpdateCheck = 1330;
				LastUpgradeCheck = 1330;
				TargetAttributes = {
					01B8FCBC27E4661E0009E7DF = {
						CreatedOnToolsVersion = 13.3;
					};
				};
			};
			buildConfigurationList = 01B8FCB827E4661E0009E7DF /* Build configuration list for PBXProject "AutomaticPlayingVideoBanner" */;
			compatibilityVersion = "Xcode 13.0";
			developmentRegion = en;
			hasScannedForEncodings = 0;
			knownRegions = (
				en,
				Base,
			);
			mainGroup = 01B8FCB427E4661E0009E7DF;
			productRefGroup = 01B8FCBE27E4661E0009E7DF /* Products */;
			projectDirPath = "";
			projectRoot = "";
			targets = (
				01B8FCBC27E4661E0009E7DF /* AutomaticPlayingVideoBanner */,
			);
		};
/* End PBXProject section */

/* Begin PBXResourcesBuildPhase section */
		01B8FCBB27E4661E0009E7DF /* Resources */ = {
			isa = PBXResourcesBuildPhase;
			buildActionMask = 2147483647;
			files = (
				01B8FCCD27E4661F0009E7DF /* LaunchScreen.storyboard in Resources */,
				01B8FCCA27E4661F0009E7DF /* Assets.xcassets in Resources */,
				01B8FCDD27E4C5590009E7DF /* picka.mov in Resources */,
			);
			runOnlyForDeploymentPostprocessing = 0;
		};
/* End PBXResourcesBuildPhase section */

/* Begin PBXShellScriptBuildPhase section */
		49B75BE1A583B8F72FDDEC3F /* [CP] Embed Pods Frameworks */ = {
			isa = PBXShellScriptBuildPhase;
			buildActionMask = 2147483647;
			files = (
			);
			inputFileListPaths = (
				"${PODS_ROOT}/Target Support Files/Pods-AutomaticPlayingVideoBanner/Pods-AutomaticPlayingVideoBanner-frameworks-${CONFIGURATION}-input-files.xcfilelist",
			);
			name = "[CP] Embed Pods Frameworks";
			outputFileListPaths = (
				"${PODS_ROOT}/Target Support Files/Pods-AutomaticPlayingVideoBanner/Pods-AutomaticPlayingVideoBanner-frameworks-${CONFIGURATION}-output-files.xcfilelist",
			);
			runOnlyForDeploymentPostprocessing = 0;
			shellPath = /bin/sh;
			shellScript = "\"${PODS_ROOT}/Target Support Files/Pods-AutomaticPlayingVideoBanner/Pods-AutomaticPlayingVideoBanner-frameworks.sh\"\n";
			showEnvVarsInLog = 0;
		};
		69C157B8BD70F3C031759CD7 /* [CP] Check Pods Manifest.lock */ = {
			isa = PBXShellScriptBuildPhase;
			buildActionMask = 2147483647;
			files = (
			);
			inputFileListPaths = (
			);
			inputPaths = (
				"${PODS_PODFILE_DIR_PATH}/Podfile.lock",
				"${PODS_ROOT}/Manifest.lock",
			);
			name = "[CP] Check Pods Manifest.lock";
			outputFileListPaths = (
			);
			outputPaths = (
				"$(DERIVED_FILE_DIR)/Pods-AutomaticPlayingVideoBanner-checkManifestLockResult.txt",
			);
			runOnlyForDeploymentPostprocessing = 0;
			shellPath = /bin/sh;
			shellScript = "diff \"${PODS_PODFILE_DIR_PATH}/Podfile.lock\" \"${PODS_ROOT}/Manifest.lock\" > /dev/null\nif [ $? != 0 ] ; then\n    # print error to STDERR\n    echo \"error: The sandbox is not in sync with the Podfile.lock. Run 'pod install' or update your CocoaPods installation.\" >&2\n    exit 1\nfi\n# This output is used by Xcode 'outputs' to avoid re-running this script phase.\necho \"SUCCESS\" > \"${SCRIPT_OUTPUT_FILE_0}\"\n";
			showEnvVarsInLog = 0;
		};
/* End PBXShellScriptBuildPhase section */

/* Begin PBXSourcesBuildPhase section */
		01B8FCB927E4661E0009E7DF /* Sources */ = {
			isa = PBXSourcesBuildPhase;
			buildActionMask = 2147483647;
			files = (
				01B8FCC527E4661E0009E7DF /* ViewController.swift in Sources */,
				01B8FCDB27E46F6B0009E7DF /* AVPlayer+Extension.swift in Sources */,
				01B8FCD727E4681B0009E7DF /* ImageCollectionViewCell.swift in Sources */,
				01B8FCC127E4661E0009E7DF /* AppDelegate.swift in Sources */,
				01B8FCD927E468FD0009E7DF /* PlayerView.swift in Sources */,
				01B8FCD527E468120009E7DF /* VideoCollectionViewCell.swift in Sources */,
				01B8FCC327E4661E0009E7DF /* SceneDelegate.swift in Sources */,
			);
			runOnlyForDeploymentPostprocessing = 0;
		};
/* End PBXSourcesBuildPhase section */

/* Begin PBXVariantGroup section */
		01B8FCCB27E4661F0009E7DF /* LaunchScreen.storyboard */ = {
			isa = PBXVariantGroup;
			children = (
				01B8FCCC27E4661F0009E7DF /* Base */,
			);
			name = LaunchScreen.storyboard;
			sourceTree = "<group>";
		};
/* End PBXVariantGroup section */

/* Begin XCBuildConfiguration section */
		01B8FCCF27E4661F0009E7DF /* Debug */ = {
			isa = XCBuildConfiguration;
			buildSettings = {
				ALWAYS_SEARCH_USER_PATHS = NO;
				CLANG_ANALYZER_NONNULL = YES;
				CLANG_ANALYZER_NUMBER_OBJECT_CONVERSION = YES_AGGRESSIVE;
				CLANG_CXX_LANGUAGE_STANDARD = "gnu++17";
				CLANG_ENABLE_MODULES = YES;
				CLANG_ENABLE_OBJC_ARC = YES;
				CLANG_ENABLE_OBJC_WEAK = YES;
				CLANG_WARN_BLOCK_CAPTURE_AUTORELEASING = YES;
				CLANG_WARN_BOOL_CONVERSION = YES;
				CLANG_WARN_COMMA = YES;
				CLANG_WARN_CONSTANT_CONVERSION = YES;
				CLANG_WARN_DEPRECATED_OBJC_IMPLEMENTATIONS = YES;
				CLANG_WARN_DIRECT_OBJC_ISA_USAGE = YES_ERROR;
				CLANG_WARN_DOCUMENTATION_COMMENTS = YES;
				CLANG_WARN_EMPTY_BODY = YES;
				CLANG_WARN_ENUM_CONVERSION = YES;
				CLANG_WARN_INFINITE_RECURSION = YES;
				CLANG_WARN_INT_CONVERSION = YES;
				CLANG_WARN_NON_LITERAL_NULL_CONVERSION = YES;
				CLANG_WARN_OBJC_IMPLICIT_RETAIN_SELF = YES;
				CLANG_WARN_OBJC_LITERAL_CONVERSION = YES;
				CLANG_WARN_OBJC_ROOT_CLASS = YES_ERROR;
				CLANG_WARN_QUOTED_INCLUDE_IN_FRAMEWORK_HEADER = YES;
				CLANG_WARN_RANGE_LOOP_ANALYSIS = YES;
				CLANG_WARN_STRICT_PROTOTYPES = YES;
				CLANG_WARN_SUSPICIOUS_MOVE = YES;
				CLANG_WARN_UNGUARDED_AVAILABILITY = YES_AGGRESSIVE;
				CLANG_WARN_UNREACHABLE_CODE = YES;
				CLANG_WARN__DUPLICATE_METHOD_MATCH = YES;
				COPY_PHASE_STRIP = NO;
				DEBUG_INFORMATION_FORMAT = dwarf;
				ENABLE_STRICT_OBJC_MSGSEND = YES;
				ENABLE_TESTABILITY = YES;
				GCC_C_LANGUAGE_STANDARD = gnu11;
				GCC_DYNAMIC_NO_PIC = NO;
				GCC_NO_COMMON_BLOCKS = YES;
				GCC_OPTIMIZATION_LEVEL = 0;
				GCC_PREPROCESSOR_DEFINITIONS = (
					"DEBUG=1",
					"$(inherited)",
				);
				GCC_WARN_64_TO_32_BIT_CONVERSION = YES;
				GCC_WARN_ABOUT_RETURN_TYPE = YES_ERROR;
				GCC_WARN_UNDECLARED_SELECTOR = YES;
				GCC_WARN_UNINITIALIZED_AUTOS = YES_AGGRESSIVE;
				GCC_WARN_UNUSED_FUNCTION = YES;
				GCC_WARN_UNUSED_VARIABLE = YES;
				IPHONEOS_DEPLOYMENT_TARGET = 15.4;
				MTL_ENABLE_DEBUG_INFO = INCLUDE_SOURCE;
				MTL_FAST_MATH = YES;
				ONLY_ACTIVE_ARCH = YES;
				SDKROOT = iphoneos;
				SWIFT_ACTIVE_COMPILATION_CONDITIONS = DEBUG;
				SWIFT_OPTIMIZATION_LEVEL = "-Onone";
			};
			name = Debug;
		};
		01B8FCD027E4661F0009E7DF /* Release */ = {
			isa = XCBuildConfiguration;
			buildSettings = {
				ALWAYS_SEARCH_USER_PATHS = NO;
				CLANG_ANALYZER_NONNULL = YES;
				CLANG_ANALYZER_NUMBER_OBJECT_CONVERSION = YES_AGGRESSIVE;
				CLANG_CXX_LANGUAGE_STANDARD = "gnu++17";
				CLANG_ENABLE_MODULES = YES;
				CLANG_ENABLE_OBJC_ARC = YES;
				CLANG_ENABLE_OBJC_WEAK = YES;
				CLANG_WARN_BLOCK_CAPTURE_AUTORELEASING = YES;
				CLANG_WARN_BOOL_CONVERSION = YES;
				CLANG_WARN_COMMA = YES;
				CLANG_WARN_CONSTANT_CONVERSION = YES;
				CLANG_WARN_DEPRECATED_OBJC_IMPLEMENTATIONS = YES;
				CLANG_WARN_DIRECT_OBJC_ISA_USAGE = YES_ERROR;
				CLANG_WARN_DOCUMENTATION_COMMENTS = YES;
				CLANG_WARN_EMPTY_BODY = YES;
				CLANG_WARN_ENUM_CONVERSION = YES;
				CLANG_WARN_INFINITE_RECURSION = YES;
				CLANG_WARN_INT_CONVERSION = YES;
				CLANG_WARN_NON_LITERAL_NULL_CONVERSION = YES;
				CLANG_WARN_OBJC_IMPLICIT_RETAIN_SELF = YES;
				CLANG_WARN_OBJC_LITERAL_CONVERSION = YES;
				CLANG_WARN_OBJC_ROOT_CLASS = YES_ERROR;
				CLANG_WARN_QUOTED_INCLUDE_IN_FRAMEWORK_HEADER = YES;
				CLANG_WARN_RANGE_LOOP_ANALYSIS = YES;
				CLANG_WARN_STRICT_PROTOTYPES = YES;
				CLANG_WARN_SUSPICIOUS_MOVE = YES;
				CLANG_WARN_UNGUARDED_AVAILABILITY = YES_AGGRESSIVE;
				CLANG_WARN_UNREACHABLE_CODE = YES;
				CLANG_WARN__DUPLICATE_METHOD_MATCH = YES;
				COPY_PHASE_STRIP = NO;
				DEBUG_INFORMATION_FORMAT = "dwarf-with-dsym";
				ENABLE_NS_ASSERTIONS = NO;
				ENABLE_STRICT_OBJC_MSGSEND = YES;
				GCC_C_LANGUAGE_STANDARD = gnu11;
				GCC_NO_COMMON_BLOCKS = YES;
				GCC_WARN_64_TO_32_BIT_CONVERSION = YES;
				GCC_WARN_ABOUT_RETURN_TYPE = YES_ERROR;
				GCC_WARN_UNDECLARED_SELECTOR = YES;
				GCC_WARN_UNINITIALIZED_AUTOS = YES_AGGRESSIVE;
				GCC_WARN_UNUSED_FUNCTION = YES;
				GCC_WARN_UNUSED_VARIABLE = YES;
				IPHONEOS_DEPLOYMENT_TARGET = 15.4;
				MTL_ENABLE_DEBUG_INFO = NO;
				MTL_FAST_MATH = YES;
				SDKROOT = iphoneos;
				SWIFT_COMPILATION_MODE = wholemodule;
				SWIFT_OPTIMIZATION_LEVEL = "-O";
				VALIDATE_PRODUCT = YES;
			};
			name = Release;
		};
		01B8FCD227E4661F0009E7DF /* Debug */ = {
			isa = XCBuildConfiguration;
			baseConfigurationReference = EA43B5212D1DC1B31ABF8CDF /* Pods-AutomaticPlayingVideoBanner.debug.xcconfig */;
			buildSettings = {
				ASSETCATALOG_COMPILER_APPICON_NAME = AppIcon;
				ASSETCATALOG_COMPILER_GLOBAL_ACCENT_COLOR_NAME = AccentColor;
				CODE_SIGN_STYLE = Automatic;
				CURRENT_PROJECT_VERSION = 1;
				DEVELOPMENT_TEAM = L7B37ZXU7P;
				GENERATE_INFOPLIST_FILE = YES;
				INFOPLIST_FILE = AutomaticPlayingVideoBanner/Info.plist;
				INFOPLIST_KEY_UIApplicationSupportsIndirectInputEvents = YES;
				INFOPLIST_KEY_UILaunchStoryboardName = LaunchScreen;
				INFOPLIST_KEY_UISupportedInterfaceOrientations_iPad = "UIInterfaceOrientationPortrait UIInterfaceOrientationPortraitUpsideDown UIInterfaceOrientationLandscapeLeft UIInterfaceOrientationLandscapeRight";
				INFOPLIST_KEY_UISupportedInterfaceOrientations_iPhone = "UIInterfaceOrientationPortrait UIInterfaceOrientationLandscapeLeft UIInterfaceOrientationLandscapeRight";
				LD_RUNPATH_SEARCH_PATHS = (
					"$(inherited)",
					"@executable_path/Frameworks",
				);
				MARKETING_VERSION = 1.0;
				PRODUCT_BUNDLE_IDENTIFIER = practice.AutomaticPlayingVideoBanner;
				PRODUCT_NAME = "$(TARGET_NAME)";
				SWIFT_EMIT_LOC_STRINGS = YES;
				SWIFT_VERSION = 5.0;
				TARGETED_DEVICE_FAMILY = "1,2";
			};
			name = Debug;
		};
		01B8FCD327E4661F0009E7DF /* Release */ = {
			isa = XCBuildConfiguration;
			baseConfigurationReference = FB1C53143724B56BBB832F76 /* Pods-AutomaticPlayingVideoBanner.release.xcconfig */;
			buildSettings = {
				ASSETCATALOG_COMPILER_APPICON_NAME = AppIcon;
				ASSETCATALOG_COMPILER_GLOBAL_ACCENT_COLOR_NAME = AccentColor;
				CODE_SIGN_STYLE = Automatic;
				CURRENT_PROJECT_VERSION = 1;
				DEVELOPMENT_TEAM = L7B37ZXU7P;
				GENERATE_INFOPLIST_FILE = YES;
				INFOPLIST_FILE = AutomaticPlayingVideoBanner/Info.plist;
				INFOPLIST_KEY_UIApplicationSupportsIndirectInputEvents = YES;
				INFOPLIST_KEY_UILaunchStoryboardName = LaunchScreen;
				INFOPLIST_KEY_UISupportedInterfaceOrientations_iPad = "UIInterfaceOrientationPortrait UIInterfaceOrientationPortraitUpsideDown UIInterfaceOrientationLandscapeLeft UIInterfaceOrientationLandscapeRight";
				INFOPLIST_KEY_UISupportedInterfaceOrientations_iPhone = "UIInterfaceOrientationPortrait UIInterfaceOrientationLandscapeLeft UIInterfaceOrientationLandscapeRight";
				LD_RUNPATH_SEARCH_PATHS = (
					"$(inherited)",
					"@executable_path/Frameworks",
				);
				MARKETING_VERSION = 1.0;
				PRODUCT_BUNDLE_IDENTIFIER = practice.AutomaticPlayingVideoBanner;
				PRODUCT_NAME = "$(TARGET_NAME)";
				SWIFT_EMIT_LOC_STRINGS = YES;
				SWIFT_VERSION = 5.0;
				TARGETED_DEVICE_FAMILY = "1,2";
			};
			name = Release;
		};
/* End XCBuildConfiguration section */

/* Begin XCConfigurationList section */
		01B8FCB827E4661E0009E7DF /* Build configuration list for PBXProject "AutomaticPlayingVideoBanner" */ = {
			isa = XCConfigurationList;
			buildConfigurations = (
				01B8FCCF27E4661F0009E7DF /* Debug */,
				01B8FCD027E4661F0009E7DF /* Release */,
			);
			defaultConfigurationIsVisible = 0;
			defaultConfigurationName = Release;
		};
		01B8FCD127E4661F0009E7DF /* Build configuration list for PBXNativeTarget "AutomaticPlayingVideoBanner" */ = {
			isa = XCConfigurationList;
			buildConfigurations = (
				01B8FCD227E4661F0009E7DF /* Debug */,
				01B8FCD327E4661F0009E7DF /* Release */,
			);
			defaultConfigurationIsVisible = 0;
			defaultConfigurationName = Release;
		};
/* End XCConfigurationList section */
	};
	rootObject = 01B8FCB527E4661E0009E7DF /* Project object */;
}
